// !$*UTF8*$!
{
	archiveVersion = 1;
	classes = {
	};
	objectVersion = 46;
	objects = {

/* Begin PBXBuildFile section */
		542BBFE71D4B2FDB00A05B88 /* Lobster 1.4.otf in Resources */ = {isa = PBXBuildFile; fileRef = 542BBFE61D4B2FD600A05B88 /* Lobster 1.4.otf */; };
		542BBFEB1D4B34FE00A05B88 /* Montserrat-Bold.otf in Resources */ = {isa = PBXBuildFile; fileRef = 542BBFE81D4B34DD00A05B88 /* Montserrat-Bold.otf */; };
		542BBFEC1D4B34FE00A05B88 /* Montserrat-Regular.otf in Resources */ = {isa = PBXBuildFile; fileRef = 542BBFE91D4B34DD00A05B88 /* Montserrat-Regular.otf */; };
		84E6E2AE8D132EE224C7709C /* Pods_Polly.framework in Frameworks */ = {isa = PBXBuildFile; fileRef = 6DABE0516E3BCF4A5C1A8C1E /* Pods_Polly.framework */; };
		E8271A8E1D4B0AC70051AA89 /* Constants.swift in Sources */ = {isa = PBXBuildFile; fileRef = E8271A8D1D4B0AC70051AA89 /* Constants.swift */; };
		E8271A951D4B28850051AA89 /* PollyController.swift in Sources */ = {isa = PBXBuildFile; fileRef = E8271A941D4B28850051AA89 /* PollyController.swift */; };
		E88681121D4A091E00D7D4A1 /* AppDelegate.swift in Sources */ = {isa = PBXBuildFile; fileRef = E88681111D4A091E00D7D4A1 /* AppDelegate.swift */; };
		E88681141D4A091E00D7D4A1 /* PollyViewController.swift in Sources */ = {isa = PBXBuildFile; fileRef = E88681131D4A091E00D7D4A1 /* PollyViewController.swift */; };
		E88681161D4A091E00D7D4A1 /* SavedViewController.swift in Sources */ = {isa = PBXBuildFile; fileRef = E88681151D4A091E00D7D4A1 /* SavedViewController.swift */; };
		E88681191D4A091E00D7D4A1 /* Main.storyboard in Resources */ = {isa = PBXBuildFile; fileRef = E88681171D4A091E00D7D4A1 /* Main.storyboard */; };
		E886811B1D4A091E00D7D4A1 /* Assets.xcassets in Resources */ = {isa = PBXBuildFile; fileRef = E886811A1D4A091E00D7D4A1 /* Assets.xcassets */; };
		E886811E1D4A091E00D7D4A1 /* LaunchScreen.storyboard in Resources */ = {isa = PBXBuildFile; fileRef = E886811C1D4A091E00D7D4A1 /* LaunchScreen.storyboard */; };
/* End PBXBuildFile section */

/* Begin PBXFileReference section */
		28FF43CF8B612FF672952A15 /* Pods-Polly.release.xcconfig */ = {isa = PBXFileReference; includeInIndex = 1; lastKnownFileType = text.xcconfig; name = "Pods-Polly.release.xcconfig"; path = "Pods/Target Support Files/Pods-Polly/Pods-Polly.release.xcconfig"; sourceTree = "<group>"; };
		542BBFE61D4B2FD600A05B88 /* Lobster 1.4.otf */ = {isa = PBXFileReference; lastKnownFileType = file; path = "Lobster 1.4.otf"; sourceTree = "<group>"; };
		542BBFE81D4B34DD00A05B88 /* Montserrat-Bold.otf */ = {isa = PBXFileReference; lastKnownFileType = file; path = "Montserrat-Bold.otf"; sourceTree = "<group>"; };
		542BBFE91D4B34DD00A05B88 /* Montserrat-Regular.otf */ = {isa = PBXFileReference; lastKnownFileType = file; path = "Montserrat-Regular.otf"; sourceTree = "<group>"; };
		6DABE0516E3BCF4A5C1A8C1E /* Pods_Polly.framework */ = {isa = PBXFileReference; explicitFileType = wrapper.framework; includeInIndex = 0; path = Pods_Polly.framework; sourceTree = BUILT_PRODUCTS_DIR; };
		CA30193B3C7D6E91F4958BA1 /* Pods-Polly.debug.xcconfig */ = {isa = PBXFileReference; includeInIndex = 1; lastKnownFileType = text.xcconfig; name = "Pods-Polly.debug.xcconfig"; path = "Pods/Target Support Files/Pods-Polly/Pods-Polly.debug.xcconfig"; sourceTree = "<group>"; };
		E8271A8D1D4B0AC70051AA89 /* Constants.swift */ = {isa = PBXFileReference; fileEncoding = 4; lastKnownFileType = sourcecode.swift; path = Constants.swift; sourceTree = "<group>"; };
		E8271A941D4B28850051AA89 /* PollyController.swift */ = {isa = PBXFileReference; fileEncoding = 4; lastKnownFileType = sourcecode.swift; path = PollyController.swift; sourceTree = "<group>"; };
		E886810E1D4A091E00D7D4A1 /* Polly.app */ = {isa = PBXFileReference; explicitFileType = wrapper.application; includeInIndex = 0; path = Polly.app; sourceTree = BUILT_PRODUCTS_DIR; };
		E88681111D4A091E00D7D4A1 /* AppDelegate.swift */ = {isa = PBXFileReference; lastKnownFileType = sourcecode.swift; path = AppDelegate.swift; sourceTree = "<group>"; };
		E88681131D4A091E00D7D4A1 /* PollyViewController.swift */ = {isa = PBXFileReference; lastKnownFileType = sourcecode.swift; path = PollyViewController.swift; sourceTree = "<group>"; };
		E88681151D4A091E00D7D4A1 /* SavedViewController.swift */ = {isa = PBXFileReference; lastKnownFileType = sourcecode.swift; path = SavedViewController.swift; sourceTree = "<group>"; };
		E88681181D4A091E00D7D4A1 /* Base */ = {isa = PBXFileReference; lastKnownFileType = file.storyboard; name = Base; path = Base.lproj/Main.storyboard; sourceTree = "<group>"; };
		E886811A1D4A091E00D7D4A1 /* Assets.xcassets */ = {isa = PBXFileReference; lastKnownFileType = folder.assetcatalog; path = Assets.xcassets; sourceTree = "<group>"; };
		E886811D1D4A091E00D7D4A1 /* Base */ = {isa = PBXFileReference; lastKnownFileType = file.storyboard; name = Base; path = Base.lproj/LaunchScreen.storyboard; sourceTree = "<group>"; };
		E886811F1D4A091E00D7D4A1 /* Info.plist */ = {isa = PBXFileReference; lastKnownFileType = text.plist.xml; path = Info.plist; sourceTree = "<group>"; };
/* End PBXFileReference section */

/* Begin PBXFrameworksBuildPhase section */
		E886810B1D4A091E00D7D4A1 /* Frameworks */ = {
			isa = PBXFrameworksBuildPhase;
			buildActionMask = 2147483647;
			files = (
				84E6E2AE8D132EE224C7709C /* Pods_Polly.framework in Frameworks */,
			);
			runOnlyForDeploymentPostprocessing = 0;
		};
/* End PBXFrameworksBuildPhase section */

/* Begin PBXGroup section */
		542BBFEA1D4B34EB00A05B88 /* Resources */ = {
			isa = PBXGroup;
			children = (
				E886811A1D4A091E00D7D4A1 /* Assets.xcassets */,
				542BBFE61D4B2FD600A05B88 /* Lobster 1.4.otf */,
				542BBFE81D4B34DD00A05B88 /* Montserrat-Bold.otf */,
				542BBFE91D4B34DD00A05B88 /* Montserrat-Regular.otf */,
			);
			name = Resources;
			sourceTree = "<group>";
		};
		986C3386E030BC8CE1442D5D /* Frameworks */ = {
			isa = PBXGroup;
			children = (
				6DABE0516E3BCF4A5C1A8C1E /* Pods_Polly.framework */,
			);
			name = Frameworks;
			sourceTree = "<group>";
		};
		C1E7E79257EBB82C090972BB /* Pods */ = {
			isa = PBXGroup;
			children = (
				CA30193B3C7D6E91F4958BA1 /* Pods-Polly.debug.xcconfig */,
				28FF43CF8B612FF672952A15 /* Pods-Polly.release.xcconfig */,
			);
			name = Pods;
			sourceTree = "<group>";
		};
		E8271A931D4B28760051AA89 /* Controller */ = {
			isa = PBXGroup;
			children = (
				E8271A941D4B28850051AA89 /* PollyController.swift */,
			);
			name = Controller;
			sourceTree = "<group>";
		};
		E88681051D4A091E00D7D4A1 = {
			isa = PBXGroup;
			children = (
				E8271A8D1D4B0AC70051AA89 /* Constants.swift */,
				E88681101D4A091E00D7D4A1 /* Polly */,
				E886810F1D4A091E00D7D4A1 /* Products */,
				C1E7E79257EBB82C090972BB /* Pods */,
				986C3386E030BC8CE1442D5D /* Frameworks */,
			);
			sourceTree = "<group>";
		};
		E886810F1D4A091E00D7D4A1 /* Products */ = {
			isa = PBXGroup;
			children = (
				E886810E1D4A091E00D7D4A1 /* Polly.app */,
			);
			name = Products;
			sourceTree = "<group>";
		};
		E88681101D4A091E00D7D4A1 /* Polly */ = {
			isa = PBXGroup;
			children = (
				E8271A931D4B28760051AA89 /* Controller */,
				E88681111D4A091E00D7D4A1 /* AppDelegate.swift */,
				E88681131D4A091E00D7D4A1 /* PollyViewController.swift */,
				E88681151D4A091E00D7D4A1 /* SavedViewController.swift */,
				E88681171D4A091E00D7D4A1 /* Main.storyboard */,
				E886811C1D4A091E00D7D4A1 /* LaunchScreen.storyboard */,
				E886811F1D4A091E00D7D4A1 /* Info.plist */,
				542BBFEA1D4B34EB00A05B88 /* Resources */,
			);
			path = Polly;
			sourceTree = "<group>";
		};
/* End PBXGroup section */

/* Begin PBXNativeTarget section */
		E886810D1D4A091E00D7D4A1 /* Polly */ = {
			isa = PBXNativeTarget;
			buildConfigurationList = E88681221D4A091E00D7D4A1 /* Build configuration list for PBXNativeTarget "Polly" */;
			buildPhases = (
				C2A0AB5C1FFCB869C32C0732 /* [CP] Check Pods Manifest.lock */,
				E886810A1D4A091E00D7D4A1 /* Sources */,
				E886810B1D4A091E00D7D4A1 /* Frameworks */,
				E886810C1D4A091E00D7D4A1 /* Resources */,
				6A7F04453F423CCC2D5E6FFE /* [CP] Embed Pods Frameworks */,
				0302210BBD54956321EC1865 /* [CP] Copy Pods Resources */,
			);
			buildRules = (
			);
			dependencies = (
			);
			name = Polly;
			productName = Polly;
			productReference = E886810E1D4A091E00D7D4A1 /* Polly.app */;
			productType = "com.apple.product-type.application";
		};
/* End PBXNativeTarget section */

/* Begin PBXProject section */
		E88681061D4A091E00D7D4A1 /* Project object */ = {
			isa = PBXProject;
			attributes = {
				LastSwiftUpdateCheck = 0730;
				LastUpgradeCheck = 0730;
				ORGANIZATIONNAME = SourcePad;
				TargetAttributes = {
					E886810D1D4A091E00D7D4A1 = {
						CreatedOnToolsVersion = 7.3;
					};
				};
			};
			buildConfigurationList = E88681091D4A091E00D7D4A1 /* Build configuration list for PBXProject "Polly" */;
			compatibilityVersion = "Xcode 3.2";
			developmentRegion = English;
			hasScannedForEncodings = 0;
			knownRegions = (
				en,
				Base,
			);
			mainGroup = E88681051D4A091E00D7D4A1;
			productRefGroup = E886810F1D4A091E00D7D4A1 /* Products */;
			projectDirPath = "";
			projectRoot = "";
			targets = (
				E886810D1D4A091E00D7D4A1 /* Polly */,
			);
		};
/* End PBXProject section */

/* Begin PBXResourcesBuildPhase section */
		E886810C1D4A091E00D7D4A1 /* Resources */ = {
			isa = PBXResourcesBuildPhase;
			buildActionMask = 2147483647;
			files = (
				542BBFEB1D4B34FE00A05B88 /* Montserrat-Bold.otf in Resources */,
				542BBFE71D4B2FDB00A05B88 /* Lobster 1.4.otf in Resources */,
				E886811E1D4A091E00D7D4A1 /* LaunchScreen.storyboard in Resources */,
				E886811B1D4A091E00D7D4A1 /* Assets.xcassets in Resources */,
				E88681191D4A091E00D7D4A1 /* Main.storyboard in Resources */,
				542BBFEC1D4B34FE00A05B88 /* Montserrat-Regular.otf in Resources */,
			);
			runOnlyForDeploymentPostprocessing = 0;
		};
/* End PBXResourcesBuildPhase section */

/* Begin PBXShellScriptBuildPhase section */
		0302210BBD54956321EC1865 /* [CP] Copy Pods Resources */ = {
			isa = PBXShellScriptBuildPhase;
			buildActionMask = 2147483647;
			files = (
			);
			inputPaths = (
			);
			name = "[CP] Copy Pods Resources";
			outputPaths = (
			);
			runOnlyForDeploymentPostprocessing = 0;
			shellPath = /bin/sh;
			shellScript = "\"${SRCROOT}/Pods/Target Support Files/Pods-Polly/Pods-Polly-resources.sh\"\n";
			showEnvVarsInLog = 0;
		};
		6A7F04453F423CCC2D5E6FFE /* [CP] Embed Pods Frameworks */ = {
			isa = PBXShellScriptBuildPhase;
			buildActionMask = 2147483647;
			files = (
			);
			inputPaths = (
			);
			name = "[CP] Embed Pods Frameworks";
			outputPaths = (
			);
			runOnlyForDeploymentPostprocessing = 0;
			shellPath = /bin/sh;
			shellScript = "\"${SRCROOT}/Pods/Target Support Files/Pods-Polly/Pods-Polly-frameworks.sh\"\n";
			showEnvVarsInLog = 0;
		};
		C2A0AB5C1FFCB869C32C0732 /* [CP] Check Pods Manifest.lock */ = {
			isa = PBXShellScriptBuildPhase;
			buildActionMask = 2147483647;
			files = (
			);
			inputPaths = (
			);
			name = "[CP] Check Pods Manifest.lock";
			outputPaths = (
			);
			runOnlyForDeploymentPostprocessing = 0;
			shellPath = /bin/sh;
			shellScript = "diff \"${PODS_ROOT}/../Podfile.lock\" \"${PODS_ROOT}/Manifest.lock\" > /dev/null\nif [[ $? != 0 ]] ; then\n    cat << EOM\nerror: The sandbox is not in sync with the Podfile.lock. Run 'pod install' or update your CocoaPods installation.\nEOM\n    exit 1\nfi\n";
			showEnvVarsInLog = 0;
		};
/* End PBXShellScriptBuildPhase section */

/* Begin PBXSourcesBuildPhase section */
		E886810A1D4A091E00D7D4A1 /* Sources */ = {
			isa = PBXSourcesBuildPhase;
			buildActionMask = 2147483647;
			files = (
				E88681161D4A091E00D7D4A1 /* SavedViewController.swift in Sources */,
				E88681121D4A091E00D7D4A1 /* AppDelegate.swift in Sources */,
				E88681141D4A091E00D7D4A1 /* PollyViewController.swift in Sources */,
				E8271A951D4B28850051AA89 /* PollyController.swift in Sources */,
				E8271A8E1D4B0AC70051AA89 /* Constants.swift in Sources */,
			);
			runOnlyForDeploymentPostprocessing = 0;
		};
/* End PBXSourcesBuildPhase section */

/* Begin PBXVariantGroup section */
		E88681171D4A091E00D7D4A1 /* Main.storyboard */ = {
			isa = PBXVariantGroup;
			children = (
				E88681181D4A091E00D7D4A1 /* Base */,
			);
			name = Main.storyboard;
			sourceTree = "<group>";
		};
		E886811C1D4A091E00D7D4A1 /* LaunchScreen.storyboard */ = {
			isa = PBXVariantGroup;
			children = (
				E886811D1D4A091E00D7D4A1 /* Base */,
			);
			name = LaunchScreen.storyboard;
			sourceTree = "<group>";
		};
/* End PBXVariantGroup section */

/* Begin XCBuildConfiguration section */
		E88681201D4A091E00D7D4A1 /* Debug */ = {
			isa = XCBuildConfiguration;
			buildSettings = {
				ALWAYS_SEARCH_USER_PATHS = NO;
				CLANG_ANALYZER_NONNULL = YES;
				CLANG_CXX_LANGUAGE_STANDARD = "gnu++0x";
				CLANG_CXX_LIBRARY = "libc++";
				CLANG_ENABLE_MODULES = YES;
				CLANG_ENABLE_OBJC_ARC = YES;
				CLANG_WARN_BOOL_CONVERSION = YES;
				CLANG_WARN_CONSTANT_CONVERSION = YES;
				CLANG_WARN_DIRECT_OBJC_ISA_USAGE = YES_ERROR;
				CLANG_WARN_EMPTY_BODY = YES;
				CLANG_WARN_ENUM_CONVERSION = YES;
				CLANG_WARN_INT_CONVERSION = YES;
				CLANG_WARN_OBJC_ROOT_CLASS = YES_ERROR;
				CLANG_WARN_UNREACHABLE_CODE = YES;
				CLANG_WARN__DUPLICATE_METHOD_MATCH = YES;
				"CODE_SIGN_IDENTITY[sdk=iphoneos*]" = "iPhone Developer";
				COPY_PHASE_STRIP = NO;
				DEBUG_INFORMATION_FORMAT = dwarf;
				ENABLE_STRICT_OBJC_MSGSEND = YES;
				ENABLE_TESTABILITY = YES;
				GCC_C_LANGUAGE_STANDARD = gnu99;
				GCC_DYNAMIC_NO_PIC = NO;
				GCC_NO_COMMON_BLOCKS = YES;
				GCC_OPTIMIZATION_LEVEL = 0;
				GCC_PREPROCESSOR_DEFINITIONS = (
					"DEBUG=1",
					"$(inherited)",
				);
				GCC_WARN_64_TO_32_BIT_CONVERSION = YES;
				GCC_WARN_ABOUT_RETURN_TYPE = YES_ERROR;
				GCC_WARN_UNDECLARED_SELECTOR = YES;
				GCC_WARN_UNINITIALIZED_AUTOS = YES_AGGRESSIVE;
				GCC_WARN_UNUSED_FUNCTION = YES;
				GCC_WARN_UNUSED_VARIABLE = YES;
				IPHONEOS_DEPLOYMENT_TARGET = 9.3;
				MTL_ENABLE_DEBUG_INFO = YES;
				ONLY_ACTIVE_ARCH = YES;
				SDKROOT = iphoneos;
				SWIFT_OPTIMIZATION_LEVEL = "-Onone";
			};
			name = Debug;
		};
		E88681211D4A091E00D7D4A1 /* Release */ = {
			isa = XCBuildConfiguration;
			buildSettings = {
				ALWAYS_SEARCH_USER_PATHS = NO;
				CLANG_ANALYZER_NONNULL = YES;
				CLANG_CXX_LANGUAGE_STANDARD = "gnu++0x";
				CLANG_CXX_LIBRARY = "libc++";
				CLANG_ENABLE_MODULES = YES;
				CLANG_ENABLE_OBJC_ARC = YES;
				CLANG_WARN_BOOL_CONVERSION = YES;
				CLANG_WARN_CONSTANT_CONVERSION = YES;
				CLANG_WARN_DIRECT_OBJC_ISA_USAGE = YES_ERROR;
				CLANG_WARN_EMPTY_BODY = YES;
				CLANG_WARN_ENUM_CONVERSION = YES;
				CLANG_WARN_INT_CONVERSION = YES;
				CLANG_WARN_OBJC_ROOT_CLASS = YES_ERROR;
				CLANG_WARN_UNREACHABLE_CODE = YES;
				CLANG_WARN__DUPLICATE_METHOD_MATCH = YES;
				"CODE_SIGN_IDENTITY[sdk=iphoneos*]" = "iPhone Developer";
				COPY_PHASE_STRIP = NO;
				DEBUG_INFORMATION_FORMAT = "dwarf-with-dsym";
				ENABLE_NS_ASSERTIONS = NO;
				ENABLE_STRICT_OBJC_MSGSEND = YES;
				GCC_C_LANGUAGE_STANDARD = gnu99;
				GCC_NO_COMMON_BLOCKS = YES;
				GCC_WARN_64_TO_32_BIT_CONVERSION = YES;
				GCC_WARN_ABOUT_RETURN_TYPE = YES_ERROR;
				GCC_WARN_UNDECLARED_SELECTOR = YES;
				GCC_WARN_UNINITIALIZED_AUTOS = YES_AGGRESSIVE;
				GCC_WARN_UNUSED_FUNCTION = YES;
				GCC_WARN_UNUSED_VARIABLE = YES;
				IPHONEOS_DEPLOYMENT_TARGET = 9.3;
				MTL_ENABLE_DEBUG_INFO = NO;
				SDKROOT = iphoneos;
				VALIDATE_PRODUCT = YES;
			};
			name = Release;
		};
		E88681231D4A091E00D7D4A1 /* Debug */ = {
			isa = XCBuildConfiguration;
			baseConfigurationReference = CA30193B3C7D6E91F4958BA1 /* Pods-Polly.debug.xcconfig */;
			buildSettings = {
				ASSETCATALOG_COMPILER_APPICON_NAME = AppIcon;
				INFOPLIST_FILE = Polly/Info.plist;
				LD_RUNPATH_SEARCH_PATHS = "$(inherited) @executable_path/Frameworks";
				PRODUCT_BUNDLE_IDENTIFIER = com.sourcepad.polly;
				PRODUCT_NAME = "$(TARGET_NAME)";
				PROVISIONING_PROFILE = "be2b78b5-0732-4952-a13c-c090bd82251e";
			};
			name = Debug;
		};
		E88681241D4A091E00D7D4A1 /* Release */ = {
			isa = XCBuildConfiguration;
			baseConfigurationReference = 28FF43CF8B612FF672952A15 /* Pods-Polly.release.xcconfig */;
			buildSettings = {
				ASSETCATALOG_COMPILER_APPICON_NAME = AppIcon;
				INFOPLIST_FILE = Polly/Info.plist;
				LD_RUNPATH_SEARCH_PATHS = "$(inherited) @executable_path/Frameworks";
				PRODUCT_BUNDLE_IDENTIFIER = com.sourcepad.polly;
				PRODUCT_NAME = "$(TARGET_NAME)";
				PROVISIONING_PROFILE = "f8e2df58-1c18-4cdb-b649-93d8a8fc5a71";
			};
			name = Release;
		};
/* End XCBuildConfiguration section */

/* Begin XCConfigurationList section */
		E88681091D4A091E00D7D4A1 /* Build configuration list for PBXProject "Polly" */ = {
			isa = XCConfigurationList;
			buildConfigurations = (
				E88681201D4A091E00D7D4A1 /* Debug */,
				E88681211D4A091E00D7D4A1 /* Release */,
			);
			defaultConfigurationIsVisible = 0;
			defaultConfigurationName = Release;
		};
		E88681221D4A091E00D7D4A1 /* Build configuration list for PBXNativeTarget "Polly" */ = {
			isa = XCConfigurationList;
			buildConfigurations = (
				E88681231D4A091E00D7D4A1 /* Debug */,
				E88681241D4A091E00D7D4A1 /* Release */,
			);
			defaultConfigurationIsVisible = 0;
			defaultConfigurationName = Release;
		};
/* End XCConfigurationList section */
	};
	rootObject = E88681061D4A091E00D7D4A1 /* Project object */;
}
